
Microsoft Visual Studio Solution File, Format Version 12.00
# Visual Studio Version 16
VisualStudioVersion = 16.0.29418.71
MinimumVisualStudioVersion = 10.0.40219.1
Project("{FAE04EC0-301F-11D3-BF4B-00C04F79EFBC}") = "Lab1_2", "Lab1_2\Lab1_2.csproj", "{DC123285-47D9-4733-8C3A-8BACD25D7D89}"
EndProject
Global
	GlobalSection(SolutionConfigurationPlatforms) = preSolution
		Debug|Any CPU = Debug|Any CPU
		Release|Any CPU = Release|Any CPU
	EndGlobalSection
	GlobalSection(ProjectConfigurationPlatforms) = postSolution
		{DC123285-47D9-4733-8C3A-8BACD25D7D89}.Debug|Any CPU.ActiveCfg = Debug|Any CPU
		{DC123285-47D9-4733-8C3A-8BACD25D7D89}.Debug|Any CPU.Build.0 = Debug|Any CPU
		{DC123285-47D9-4733-8C3A-8BACD25D7D89}.Release|Any CPU.ActiveCfg = Release|Any CPU
		{DC123285-47D9-4733-8C3A-8BACD25D7D89}.Release|Any CPU.Build.0 = Release|Any CPU
	EndGlobalSection
	GlobalSection(SolutionProperties) = preSolution
		HideSolutionNode = FALSE
	EndGlobalSection
	GlobalSection(ExtensibilityGlobals) = postSolution
		SolutionGuid = {F309A2BE-29D6-4D26-A6B8-33AAB0137294}
	EndGlobalSection
EndGlobal
